
Microsoft Visual Studio Solution File, Format Version 12.00
# Visual Studio Version 17
VisualStudioVersion = 17.10.34928.147
MinimumVisualStudioVersion = 10.0.40219.1
Project("{FAE04EC0-301F-11D3-BF4B-00C04F79EFBC}") = "KSoftTask.Domain", "KSoftTask.Domain\KSoftTask.Domain.csproj", "{7DE658C3-1BC3-44DB-8921-95C737EB543E}"
EndProject
Global
	GlobalSection(SolutionConfigurationPlatforms) = preSolution
		Debug|Any CPU = Debug|Any CPU
		Release|Any CPU = Release|Any CPU
	EndGlobalSection
	GlobalSection(ProjectConfigurationPlatforms) = postSolution
		{7DE658C3-1BC3-44DB-8921-95C737EB543E}.Debug|Any CPU.ActiveCfg = Debug|Any CPU
		{7DE658C3-1BC3-44DB-8921-95C737EB543E}.Debug|Any CPU.Build.0 = Debug|Any CPU
		{7DE658C3-1BC3-44DB-8921-95C737EB543E}.Release|Any CPU.ActiveCfg = Release|Any CPU
		{7DE658C3-1BC3-44DB-8921-95C737EB543E}.Release|Any CPU.Build.0 = Release|Any CPU
	EndGlobalSection
	GlobalSection(SolutionProperties) = preSolution
		HideSolutionNode = FALSE
	EndGlobalSection
	GlobalSection(ExtensibilityGlobals) = postSolution
		SolutionGuid = {F47C3C4E-5DC4-406D-966B-27344B529753}
	EndGlobalSection
EndGlobal
